
Microsoft Visual Studio Solution File, Format Version 12.00
# Visual Studio 15
VisualStudioVersion = 15.0.26124.0
MinimumVisualStudioVersion = 15.0.26124.0
Project("{2150E333-8FDC-42A3-9474-1A3956D46DE8}") = "src", "src", "{82F85A62-1E78-447D-862C-1876A6F10968}"
EndProject
Project("{FAE04EC0-301F-11D3-BF4B-00C04F79EFBC}") = "auto-updater", "src\auto-updater\auto-updater.csproj", "{B02526D0-09ED-443D-9905-B058D41B4C20}"
EndProject
Project("{2150E333-8FDC-42A3-9474-1A3956D46DE8}") = "tests", "tests", "{EF937CD4-53BE-4CBA-867E-74F50B1BFE70}"
EndProject
Project("{FAE04EC0-301F-11D3-BF4B-00C04F79EFBC}") = "auto-updater.tests", "tests\auto-updater.tests\auto-updater.tests.csproj", "{B441CFA8-8985-4068-A1A5-AE073D2F22C2}"
EndProject
Project("{2150E333-8FDC-42A3-9474-1A3956D46DE8}") = "demo", "demo", "{400EC5DA-E6C8-48C9-BE15-0F7E74B1C954}"
EndProject
Project("{FAE04EC0-301F-11D3-BF4B-00C04F79EFBC}") = "auto-updater-console-demo", "demo\auto-updater-console-demo\auto-updater-console-demo.csproj", "{3C88C985-F530-4C58-BCA0-BB6D72ED31CF}"
EndProject
Global
	GlobalSection(SolutionConfigurationPlatforms) = preSolution
		Debug|Any CPU = Debug|Any CPU
		Debug|x64 = Debug|x64
		Debug|x86 = Debug|x86
		Release|Any CPU = Release|Any CPU
		Release|x64 = Release|x64
		Release|x86 = Release|x86
	EndGlobalSection
	GlobalSection(SolutionProperties) = preSolution
		HideSolutionNode = FALSE
	EndGlobalSection
	GlobalSection(ProjectConfigurationPlatforms) = postSolution
		{B02526D0-09ED-443D-9905-B058D41B4C20}.Debug|Any CPU.ActiveCfg = Debug|Any CPU
		{B02526D0-09ED-443D-9905-B058D41B4C20}.Debug|Any CPU.Build.0 = Debug|Any CPU
		{B02526D0-09ED-443D-9905-B058D41B4C20}.Debug|x64.ActiveCfg = Debug|Any CPU
		{B02526D0-09ED-443D-9905-B058D41B4C20}.Debug|x64.Build.0 = Debug|Any CPU
		{B02526D0-09ED-443D-9905-B058D41B4C20}.Debug|x86.ActiveCfg = Debug|Any CPU
		{B02526D0-09ED-443D-9905-B058D41B4C20}.Debug|x86.Build.0 = Debug|Any CPU
		{B02526D0-09ED-443D-9905-B058D41B4C20}.Release|Any CPU.ActiveCfg = Release|Any CPU
		{B02526D0-09ED-443D-9905-B058D41B4C20}.Release|Any CPU.Build.0 = Release|Any CPU
		{B02526D0-09ED-443D-9905-B058D41B4C20}.Release|x64.ActiveCfg = Release|Any CPU
		{B02526D0-09ED-443D-9905-B058D41B4C20}.Release|x64.Build.0 = Release|Any CPU
		{B02526D0-09ED-443D-9905-B058D41B4C20}.Release|x86.ActiveCfg = Release|Any CPU
		{B02526D0-09ED-443D-9905-B058D41B4C20}.Release|x86.Build.0 = Release|Any CPU
		{B441CFA8-8985-4068-A1A5-AE073D2F22C2}.Debug|Any CPU.ActiveCfg = Debug|Any CPU
		{B441CFA8-8985-4068-A1A5-AE073D2F22C2}.Debug|Any CPU.Build.0 = Debug|Any CPU
		{B441CFA8-8985-4068-A1A5-AE073D2F22C2}.Debug|x64.ActiveCfg = Debug|Any CPU
		{B441CFA8-8985-4068-A1A5-AE073D2F22C2}.Debug|x64.Build.0 = Debug|Any CPU
		{B441CFA8-8985-4068-A1A5-AE073D2F22C2}.Debug|x86.ActiveCfg = Debug|Any CPU
		{B441CFA8-8985-4068-A1A5-AE073D2F22C2}.Debug|x86.Build.0 = Debug|Any CPU
		{B441CFA8-8985-4068-A1A5-AE073D2F22C2}.Release|Any CPU.ActiveCfg = Release|Any CPU
		{B441CFA8-8985-4068-A1A5-AE073D2F22C2}.Release|Any CPU.Build.0 = Release|Any CPU
		{B441CFA8-8985-4068-A1A5-AE073D2F22C2}.Release|x64.ActiveCfg = Release|Any CPU
		{B441CFA8-8985-4068-A1A5-AE073D2F22C2}.Release|x64.Build.0 = Release|Any CPU
		{B441CFA8-8985-4068-A1A5-AE073D2F22C2}.Release|x86.ActiveCfg = Release|Any CPU
		{B441CFA8-8985-4068-A1A5-AE073D2F22C2}.Release|x86.Build.0 = Release|Any CPU
		{3C88C985-F530-4C58-BCA0-BB6D72ED31CF}.Debug|Any CPU.ActiveCfg = Debug|Any CPU
		{3C88C985-F530-4C58-BCA0-BB6D72ED31CF}.Debug|Any CPU.Build.0 = Debug|Any CPU
		{3C88C985-F530-4C58-BCA0-BB6D72ED31CF}.Debug|x64.ActiveCfg = Debug|Any CPU
		{3C88C985-F530-4C58-BCA0-BB6D72ED31CF}.Debug|x64.Build.0 = Debug|Any CPU
		{3C88C985-F530-4C58-BCA0-BB6D72ED31CF}.Debug|x86.ActiveCfg = Debug|Any CPU
		{3C88C985-F530-4C58-BCA0-BB6D72ED31CF}.Debug|x86.Build.0 = Debug|Any CPU
		{3C88C985-F530-4C58-BCA0-BB6D72ED31CF}.Release|Any CPU.ActiveCfg = Release|Any CPU
		{3C88C985-F530-4C58-BCA0-BB6D72ED31CF}.Release|Any CPU.Build.0 = Release|Any CPU
		{3C88C985-F530-4C58-BCA0-BB6D72ED31CF}.Release|x64.ActiveCfg = Release|Any CPU
		{3C88C985-F530-4C58-BCA0-BB6D72ED31CF}.Release|x64.Build.0 = Release|Any CPU
		{3C88C985-F530-4C58-BCA0-BB6D72ED31CF}.Release|x86.ActiveCfg = Release|Any CPU
		{3C88C985-F530-4C58-BCA0-BB6D72ED31CF}.Release|x86.Build.0 = Release|Any CPU
	EndGlobalSection
	GlobalSection(NestedProjects) = preSolution
		{B02526D0-09ED-443D-9905-B058D41B4C20} = {82F85A62-1E78-447D-862C-1876A6F10968}
		{B441CFA8-8985-4068-A1A5-AE073D2F22C2} = {EF937CD4-53BE-4CBA-867E-74F50B1BFE70}
		{3C88C985-F530-4C58-BCA0-BB6D72ED31CF} = {400EC5DA-E6C8-48C9-BE15-0F7E74B1C954}
	EndGlobalSection
EndGlobal
